
Microsoft Visual Studio Solution File, Format Version 12.00
# Visual Studio Version 17
VisualStudioVersion = 17.0.31919.166
MinimumVisualStudioVersion = 10.0.40219.1
Project("{FAE04EC0-301F-11D3-BF4B-00C04F79EFBC}") = "Exercicio123", "Exercicio123\Exercicio123.csproj", "{1E170D29-85D2-4141-B005-D218B8F61681}"
EndProject
Global
	GlobalSection(SolutionConfigurationPlatforms) = preSolution
		Debug|Any CPU = Debug|Any CPU
		Release|Any CPU = Release|Any CPU
	EndGlobalSection
	GlobalSection(ProjectConfigurationPlatforms) = postSolution
		{1E170D29-85D2-4141-B005-D218B8F61681}.Debug|Any CPU.ActiveCfg = Debug|Any CPU
		{1E170D29-85D2-4141-B005-D218B8F61681}.Debug|Any CPU.Build.0 = Debug|Any CPU
		{1E170D29-85D2-4141-B005-D218B8F61681}.Release|Any CPU.ActiveCfg = Release|Any CPU
		{1E170D29-85D2-4141-B005-D218B8F61681}.Release|Any CPU.Build.0 = Release|Any CPU
	EndGlobalSection
	GlobalSection(SolutionProperties) = preSolution
		HideSolutionNode = FALSE
	EndGlobalSection
	GlobalSection(ExtensibilityGlobals) = postSolution
		SolutionGuid = {055A5DBA-56FF-42AA-B1C3-316E7CBA8071}
	EndGlobalSection
EndGlobal
